
Microsoft Visual Studio Solution File, Format Version 12.00
# Visual Studio Version 17
VisualStudioVersion = 17.5.33516.290
MinimumVisualStudioVersion = 10.0.40219.1
Project("{FAE04EC0-301F-11D3-BF4B-00C04F79EFBC}") = "WhosYourMummy", "WhosYourMummy.csproj", "{155B636B-CB06-4E41-9664-93540D69F6EB}"
EndProject
Global
	GlobalSection(SolutionConfigurationPlatforms) = preSolution
		Debug|Any CPU = Debug|Any CPU
		Release|Any CPU = Release|Any CPU
	EndGlobalSection
	GlobalSection(ProjectConfigurationPlatforms) = postSolution
		{155B636B-CB06-4E41-9664-93540D69F6EB}.Debug|Any CPU.ActiveCfg = Debug|Any CPU
		{155B636B-CB06-4E41-9664-93540D69F6EB}.Debug|Any CPU.Build.0 = Debug|Any CPU
		{155B636B-CB06-4E41-9664-93540D69F6EB}.Release|Any CPU.ActiveCfg = Release|Any CPU
		{155B636B-CB06-4E41-9664-93540D69F6EB}.Release|Any CPU.Build.0 = Release|Any CPU
	EndGlobalSection
	GlobalSection(SolutionProperties) = preSolution
		HideSolutionNode = FALSE
	EndGlobalSection
	GlobalSection(ExtensibilityGlobals) = postSolution
		SolutionGuid = {BC2981AB-D27B-4394-B263-FBD8689CED81}
	EndGlobalSection
EndGlobal
